# This file is automatically @generated by Cargo.
# It is not intended for manual editing.
version = 4

[[package]]
name = "olex-core"
version = "0.1.0"

[[package]]
name = "olex-hw"
version = "0.1.0"

[[package]]
name = "olex-plug"
version = "0.1.0"

[[package]]
name = "olex-ui"
version = "0.1.0"

[[package]]
name = "olex_proto"
version = "0.1.0"
