# This file is automatically @generated by Cargo.
# It is not intended for manual editing.
version = 4

[[package]]
name = "bum-piss-core"
version = "0.1.0"

[[package]]
name = "bum-piss-hw"
version = "0.1.0"

[[package]]
name = "bum-piss-plugin"
version = "0.1.0"

[[package]]
name = "bum_piss_proto"
version = "0.1.0"

[[package]]
name = "bumgui"
version = "0.1.0"
